
Microsoft Visual Studio Solution File, Format Version 12.00
# Visual Studio Version 17
VisualStudioVersion = 17.0.31919.166
MinimumVisualStudioVersion = 10.0.40219.1
Project("{FAE04EC0-301F-11D3-BF4B-00C04F79EFBC}") = "Calculator", "Calculator\Calculator.csproj", "{78B2173B-0E6E-4886-B0E9-EC96876AE75C}"
EndProject
Project("{FAE04EC0-301F-11D3-BF4B-00C04F79EFBC}") = "CalculatorTests", "CalculatorTests\CalculatorTests.csproj", "{98212795-E648-4790-B548-E996C0C547DF}"
EndProject
Global
	GlobalSection(SolutionConfigurationPlatforms) = preSolution
		Debug|Any CPU = Debug|Any CPU
		Release|Any CPU = Release|Any CPU
	EndGlobalSection
	GlobalSection(ProjectConfigurationPlatforms) = postSolution
		{78B2173B-0E6E-4886-B0E9-EC96876AE75C}.Debug|Any CPU.ActiveCfg = Debug|Any CPU
		{78B2173B-0E6E-4886-B0E9-EC96876AE75C}.Debug|Any CPU.Build.0 = Debug|Any CPU
		{78B2173B-0E6E-4886-B0E9-EC96876AE75C}.Release|Any CPU.ActiveCfg = Release|Any CPU
		{78B2173B-0E6E-4886-B0E9-EC96876AE75C}.Release|Any CPU.Build.0 = Release|Any CPU
		{98212795-E648-4790-B548-E996C0C547DF}.Debug|Any CPU.ActiveCfg = Debug|Any CPU
		{98212795-E648-4790-B548-E996C0C547DF}.Debug|Any CPU.Build.0 = Debug|Any CPU
		{98212795-E648-4790-B548-E996C0C547DF}.Release|Any CPU.ActiveCfg = Release|Any CPU
		{98212795-E648-4790-B548-E996C0C547DF}.Release|Any CPU.Build.0 = Release|Any CPU
	EndGlobalSection
	GlobalSection(SolutionProperties) = preSolution
		HideSolutionNode = FALSE
	EndGlobalSection
	GlobalSection(ExtensibilityGlobals) = postSolution
		SolutionGuid = {2206B1E6-7344-4CE5-89E9-38251461D5AA}
	EndGlobalSection
EndGlobal
